// !$*UTF8*$!
{
	archiveVersion = 1;
	classes = {
	};
	objectVersion = 48;
	objects = {

/* Begin PBXBuildFile section */
		F47EAA7220654FB500E8A613 /* AppDelegate.swift in Sources */ = {isa = PBXBuildFile; fileRef = F47EAA7120654FB500E8A613 /* AppDelegate.swift */; };
		F47EAA7420654FB500E8A613 /* ViewController.swift in Sources */ = {isa = PBXBuildFile; fileRef = F47EAA7320654FB500E8A613 /* ViewController.swift */; };
		F47EAA7720654FB500E8A613 /* Main.storyboard in Resources */ = {isa = PBXBuildFile; fileRef = F47EAA7520654FB500E8A613 /* Main.storyboard */; };
		F47EAA7920654FB500E8A613 /* Assets.xcassets in Resources */ = {isa = PBXBuildFile; fileRef = F47EAA7820654FB500E8A613 /* Assets.xcassets */; };
		F47EAA7C20654FB500E8A613 /* LaunchScreen.storyboard in Resources */ = {isa = PBXBuildFile; fileRef = F47EAA7A20654FB500E8A613 /* LaunchScreen.storyboard */; };
/* End PBXBuildFile section */

/* Begin PBXFileReference section */
		F47EAA6E20654FB500E8A613 /* 三國.app */ = {isa = PBXFileReference; explicitFileType = wrapper.application; includeInIndex = 0; path = "三國.app"; sourceTree = BUILT_PRODUCTS_DIR; };
		F47EAA7120654FB500E8A613 /* AppDelegate.swift */ = {isa = PBXFileReference; lastKnownFileType = sourcecode.swift; path = AppDelegate.swift; sourceTree = "<group>"; };
		F47EAA7320654FB500E8A613 /* ViewController.swift */ = {isa = PBXFileReference; lastKnownFileType = sourcecode.swift; path = ViewController.swift; sourceTree = "<group>"; };
		F47EAA7620654FB500E8A613 /* Base */ = {isa = PBXFileReference; lastKnownFileType = file.storyboard; name = Base; path = Base.lproj/Main.storyboard; sourceTree = "<group>"; };
		F47EAA7820654FB500E8A613 /* Assets.xcassets */ = {isa = PBXFileReference; lastKnownFileType = folder.assetcatalog; path = Assets.xcassets; sourceTree = "<group>"; };
		F47EAA7B20654FB500E8A613 /* Base */ = {isa = PBXFileReference; lastKnownFileType = file.storyboard; name = Base; path = Base.lproj/LaunchScreen.storyboard; sourceTree = "<group>"; };
		F47EAA7D20654FB500E8A613 /* Info.plist */ = {isa = PBXFileReference; lastKnownFileType = text.plist.xml; path = Info.plist; sourceTree = "<group>"; };
/* End PBXFileReference section */

/* Begin PBXFrameworksBuildPhase section */
		F47EAA6B20654FB500E8A613 /* Frameworks */ = {
			isa = PBXFrameworksBuildPhase;
			buildActionMask = 2147483647;
			files = (
			);
			runOnlyForDeploymentPostprocessing = 0;
		};
/* End PBXFrameworksBuildPhase section */

/* Begin PBXGroup section */
		F47EAA6520654FB500E8A613 = {
			isa = PBXGroup;
			children = (
				F47EAA7020654FB500E8A613 /* 三國 */,
				F47EAA6F20654FB500E8A613 /* Products */,
			);
			sourceTree = "<group>";
		};
		F47EAA6F20654FB500E8A613 /* Products */ = {
			isa = PBXGroup;
			children = (
				F47EAA6E20654FB500E8A613 /* 三國.app */,
			);
			name = Products;
			sourceTree = "<group>";
		};
		F47EAA7020654FB500E8A613 /* 三國 */ = {
			isa = PBXGroup;
			children = (
				F47EAA7120654FB500E8A613 /* AppDelegate.swift */,
				F47EAA7320654FB500E8A613 /* ViewController.swift */,
				F47EAA7520654FB500E8A613 /* Main.storyboard */,
				F47EAA7820654FB500E8A613 /* Assets.xcassets */,
				F47EAA7A20654FB500E8A613 /* LaunchScreen.storyboard */,
				F47EAA7D20654FB500E8A613 /* Info.plist */,
			);
			path = "三國";
			sourceTree = "<group>";
		};
/* End PBXGroup section */

/* Begin PBXNativeTarget section */
		F47EAA6D20654FB500E8A613 /* 三國 */ = {
			isa = PBXNativeTarget;
			buildConfigurationList = F47EAA8020654FB500E8A613 /* Build configuration list for PBXNativeTarget "三國" */;
			buildPhases = (
				F47EAA6A20654FB500E8A613 /* Sources */,
				F47EAA6B20654FB500E8A613 /* Frameworks */,
				F47EAA6C20654FB500E8A613 /* Resources */,
			);
			buildRules = (
			);
			dependencies = (
			);
			name = "三國";
			productName = "三國";
			productReference = F47EAA6E20654FB500E8A613 /* 三國.app */;
			productType = "com.apple.product-type.application";
		};
/* End PBXNativeTarget section */

/* Begin PBXProject section */
		F47EAA6620654FB500E8A613 /* Project object */ = {
			isa = PBXProject;
			attributes = {
				LastSwiftUpdateCheck = 0920;
				LastUpgradeCheck = 0920;
				ORGANIZATIONNAME = Simon;
				TargetAttributes = {
					F47EAA6D20654FB500E8A613 = {
						CreatedOnToolsVersion = 9.2;
						ProvisioningStyle = Automatic;
					};
				};
			};
			buildConfigurationList = F47EAA6920654FB500E8A613 /* Build configuration list for PBXProject "三國" */;
			compatibilityVersion = "Xcode 8.0";
			developmentRegion = en;
			hasScannedForEncodings = 0;
			knownRegions = (
				en,
				Base,
			);
			mainGroup = F47EAA6520654FB500E8A613;
			productRefGroup = F47EAA6F20654FB500E8A613 /* Products */;
			projectDirPath = "";
			projectRoot = "";
			targets = (
				F47EAA6D20654FB500E8A613 /* 三國 */,
			);
		};
/* End PBXProject section */

/* Begin PBXResourcesBuildPhase section */
		F47EAA6C20654FB500E8A613 /* Resources */ = {
			isa = PBXResourcesBuildPhase;
			buildActionMask = 2147483647;
			files = (
				F47EAA7C20654FB500E8A613 /* LaunchScreen.storyboard in Resources */,
				F47EAA7920654FB500E8A613 /* Assets.xcassets in Resources */,
				F47EAA7720654FB500E8A613 /* Main.storyboard in Resources */,
			);
			runOnlyForDeploymentPostprocessing = 0;
		};
/* End PBXResourcesBuildPhase section */

/* Begin PBXSourcesBuildPhase section */
		F47EAA6A20654FB500E8A613 /* Sources */ = {
			isa = PBXSourcesBuildPhase;
			buildActionMask = 2147483647;
			files = (
				F47EAA7420654FB500E8A613 /* ViewController.swift in Sources */,
				F47EAA7220654FB500E8A613 /* AppDelegate.swift in Sources */,
			);
			runOnlyForDeploymentPostprocessing = 0;
		};
/* End PBXSourcesBuildPhase section */

/* Begin PBXVariantGroup section */
		F47EAA7520654FB500E8A613 /* Main.storyboard */ = {
			isa = PBXVariantGroup;
			children = (
				F47EAA7620654FB500E8A613 /* Base */,
			);
			name = Main.storyboard;
			sourceTree = "<group>";
		};
		F47EAA7A20654FB500E8A613 /* LaunchScreen.storyboard */ = {
			isa = PBXVariantGroup;
			children = (
				F47EAA7B20654FB500E8A613 /* Base */,
			);
			name = LaunchScreen.storyboard;
			sourceTree = "<group>";
		};
/* End PBXVariantGroup section */

/* Begin XCBuildConfiguration section */
		F47EAA7E20654FB500E8A613 /* Debug */ = {
			isa = XCBuildConfiguration;
			buildSettings = {
				ALWAYS_SEARCH_USER_PATHS = NO;
				CLANG_ANALYZER_NONNULL = YES;
				CLANG_ANALYZER_NUMBER_OBJECT_CONVERSION = YES_AGGRESSIVE;
				CLANG_CXX_LANGUAGE_STANDARD = "gnu++14";
				CLANG_CXX_LIBRARY = "libc++";
				CLANG_ENABLE_MODULES = YES;
				CLANG_ENABLE_OBJC_ARC = YES;
				CLANG_WARN_BLOCK_CAPTURE_AUTORELEASING = YES;
				CLANG_WARN_BOOL_CONVERSION = YES;
				CLANG_WARN_COMMA = YES;
				CLANG_WARN_CONSTANT_CONVERSION = YES;
				CLANG_WARN_DIRECT_OBJC_ISA_USAGE = YES_ERROR;
				CLANG_WARN_DOCUMENTATION_COMMENTS = YES;
				CLANG_WARN_EMPTY_BODY = YES;
				CLANG_WARN_ENUM_CONVERSION = YES;
				CLANG_WARN_INFINITE_RECURSION = YES;
				CLANG_WARN_INT_CONVERSION = YES;
				CLANG_WARN_NON_LITERAL_NULL_CONVERSION = YES;
				CLANG_WARN_OBJC_LITERAL_CONVERSION = YES;
				CLANG_WARN_OBJC_ROOT_CLASS = YES_ERROR;
				CLANG_WARN_RANGE_LOOP_ANALYSIS = YES;
				CLANG_WARN_STRICT_PROTOTYPES = YES;
				CLANG_WARN_SUSPICIOUS_MOVE = YES;
				CLANG_WARN_UNGUARDED_AVAILABILITY = YES_AGGRESSIVE;
				CLANG_WARN_UNREACHABLE_CODE = YES;
				CLANG_WARN__DUPLICATE_METHOD_MATCH = YES;
				CODE_SIGN_IDENTITY = "iPhone Developer";
				COPY_PHASE_STRIP = NO;
				DEBUG_INFORMATION_FORMAT = dwarf;
				ENABLE_STRICT_OBJC_MSGSEND = YES;
				ENABLE_TESTABILITY = YES;
				GCC_C_LANGUAGE_STANDARD = gnu11;
				GCC_DYNAMIC_NO_PIC = NO;
				GCC_NO_COMMON_BLOCKS = YES;
				GCC_OPTIMIZATION_LEVEL = 0;
				GCC_PREPROCESSOR_DEFINITIONS = (
					"DEBUG=1",
					"$(inherited)",
				);
				GCC_WARN_64_TO_32_BIT_CONVERSION = YES;
				GCC_WARN_ABOUT_RETURN_TYPE = YES_ERROR;
				GCC_WARN_UNDECLARED_SELECTOR = YES;
				GCC_WARN_UNINITIALIZED_AUTOS = YES_AGGRESSIVE;
				GCC_WARN_UNUSED_FUNCTION = YES;
				GCC_WARN_UNUSED_VARIABLE = YES;
				IPHONEOS_DEPLOYMENT_TARGET = 11.2;
				MTL_ENABLE_DEBUG_INFO = YES;
				ONLY_ACTIVE_ARCH = YES;
				SDKROOT = iphoneos;
				SWIFT_ACTIVE_COMPILATION_CONDITIONS = DEBUG;
				SWIFT_OPTIMIZATION_LEVEL = "-Onone";
			};
			name = Debug;
		};
		F47EAA7F20654FB500E8A613 /* Release */ = {
			isa = XCBuildConfiguration;
			buildSettings = {
				ALWAYS_SEARCH_USER_PATHS = NO;
				CLANG_ANALYZER_NONNULL = YES;
				CLANG_ANALYZER_NUMBER_OBJECT_CONVERSION = YES_AGGRESSIVE;
				CLANG_CXX_LANGUAGE_STANDARD = "gnu++14";
				CLANG_CXX_LIBRARY = "libc++";
				CLANG_ENABLE_MODULES = YES;
				CLANG_ENABLE_OBJC_ARC = YES;
				CLANG_WARN_BLOCK_CAPTURE_AUTORELEASING = YES;
				CLANG_WARN_BOOL_CONVERSION = YES;
				CLANG_WARN_COMMA = YES;
				CLANG_WARN_CONSTANT_CONVERSION = YES;
				CLANG_WARN_DIRECT_OBJC_ISA_USAGE = YES_ERROR;
				CLANG_WARN_DOCUMENTATION_COMMENTS = YES;
				CLANG_WARN_EMPTY_BODY = YES;
				CLANG_WARN_ENUM_CONVERSION = YES;
				CLANG_WARN_INFINITE_RECURSION = YES;
				CLANG_WARN_INT_CONVERSION = YES;
				CLANG_WARN_NON_LITERAL_NULL_CONVERSION = YES;
				CLANG_WARN_OBJC_LITERAL_CONVERSION = YES;
				CLANG_WARN_OBJC_ROOT_CLASS = YES_ERROR;
				CLANG_WARN_RANGE_LOOP_ANALYSIS = YES;
				CLANG_WARN_STRICT_PROTOTYPES = YES;
				CLANG_WARN_SUSPICIOUS_MOVE = YES;
				CLANG_WARN_UNGUARDED_AVAILABILITY = YES_AGGRESSIVE;
				CLANG_WARN_UNREACHABLE_CODE = YES;
				CLANG_WARN__DUPLICATE_METHOD_MATCH = YES;
				CODE_SIGN_IDENTITY = "iPhone Developer";
				COPY_PHASE_STRIP = NO;
				DEBUG_INFORMATION_FORMAT = "dwarf-with-dsym";
				ENABLE_NS_ASSERTIONS = NO;
				ENABLE_STRICT_OBJC_MSGSEND = YES;
				GCC_C_LANGUAGE_STANDARD = gnu11;
				GCC_NO_COMMON_BLOCKS = YES;
				GCC_WARN_64_TO_32_BIT_CONVERSION = YES;
				GCC_WARN_ABOUT_RETURN_TYPE = YES_ERROR;
				GCC_WARN_UNDECLARED_SELECTOR = YES;
				GCC_WARN_UNINITIALIZED_AUTOS = YES_AGGRESSIVE;
				GCC_WARN_UNUSED_FUNCTION = YES;
				GCC_WARN_UNUSED_VARIABLE = YES;
				IPHONEOS_DEPLOYMENT_TARGET = 11.2;
				MTL_ENABLE_DEBUG_INFO = NO;
				SDKROOT = iphoneos;
				SWIFT_OPTIMIZATION_LEVEL = "-Owholemodule";
				VALIDATE_PRODUCT = YES;
			};
			name = Release;
		};
		F47EAA8120654FB500E8A613 /* Debug */ = {
			isa = XCBuildConfiguration;
			buildSettings = {
				ASSETCATALOG_COMPILER_APPICON_NAME = AppIcon;
				CODE_SIGN_STYLE = Automatic;
				DEVELOPMENT_TEAM = VJR6R85KA7;
				INFOPLIST_FILE = "三國/Info.plist";
				LD_RUNPATH_SEARCH_PATHS = "$(inherited) @executable_path/Frameworks";
				PRODUCT_BUNDLE_IDENTIFIER = "com.self.--";
				PRODUCT_NAME = "$(TARGET_NAME)";
				SWIFT_VERSION = 4.0;
				TARGETED_DEVICE_FAMILY = "1,2";
			};
			name = Debug;
		};
		F47EAA8220654FB500E8A613 /* Release */ = {
			isa = XCBuildConfiguration;
			buildSettings = {
				ASSETCATALOG_COMPILER_APPICON_NAME = AppIcon;
				CODE_SIGN_STYLE = Automatic;
				DEVELOPMENT_TEAM = VJR6R85KA7;
				INFOPLIST_FILE = "三國/Info.plist";
				LD_RUNPATH_SEARCH_PATHS = "$(inherited) @executable_path/Frameworks";
				PRODUCT_BUNDLE_IDENTIFIER = "com.self.--";
				PRODUCT_NAME = "$(TARGET_NAME)";
				SWIFT_VERSION = 4.0;
				TARGETED_DEVICE_FAMILY = "1,2";
			};
			name = Release;
		};
/* End XCBuildConfiguration section */

/* Begin XCConfigurationList section */
		F47EAA6920654FB500E8A613 /* Build configuration list for PBXProject "三國" */ = {
			isa = XCConfigurationList;
			buildConfigurations = (
				F47EAA7E20654FB500E8A613 /* Debug */,
				F47EAA7F20654FB500E8A613 /* Release */,
			);
			defaultConfigurationIsVisible = 0;
			defaultConfigurationName = Release;
		};
		F47EAA8020654FB500E8A613 /* Build configuration list for PBXNativeTarget "三國" */ = {
			isa = XCConfigurationList;
			buildConfigurations = (
				F47EAA8120654FB500E8A613 /* Debug */,
				F47EAA8220654FB500E8A613 /* Release */,
			);
			defaultConfigurationIsVisible = 0;
			defaultConfigurationName = Release;
		};
/* End XCConfigurationList section */
	};
	rootObject = F47EAA6620654FB500E8A613 /* Project object */;
}
